<?xml version="1.0" encoding="UTF-8"?>
<Scheme
   LastUpgradeVersion = "1230"
   version = "1.3">
   <BuildAction
      parallelizeBuildables = "YES"
      buildImplicitDependencies = "YES">
      <BuildActionEntries>
         <BuildActionEntry
            buildForTesting = "YES"
            buildForRunning = "YES"
            buildForProfiling = "YES"
            buildForArchiving = "YES"
            buildForAnalyzing = "YES">
            <BuildableReference
               BuildableIdentifier = "primary"
               BlueprintIdentifier = "F8C7EC8425A0FB68006426AA"
               BuildableName = "transbrl_cli"
               BlueprintName = "transbrl_cli"
               ReferencedContainer = "container:transbrl_cli.xcodeproj">
            </BuildableReference>
         </BuildActionEntry>
      </BuildActionEntries>
   </BuildAction>
   <TestAction
      buildConfiguration = "Debug"
      selectedDebuggerIdentifier = "Xcode.DebuggerFoundation.Debugger.LLDB"
      selectedLauncherIdentifier = "Xcode.DebuggerFoundation.Launcher.LLDB"
      shouldUseLaunchSchemeArgsEnv = "YES">
      <Testables>
      </Testables>
   </TestAction>
   <LaunchAction
      buildConfiguration = "Debug"
      selectedDebuggerIdentifier = "Xcode.DebuggerFoundation.Debugger.LLDB"
      selectedLauncherIdentifier = "Xcode.DebuggerFoundation.Launcher.LLDB"
      launchStyle = "0"
      useCustomWorkingDirectory = "NO"
      ignoresPersistentStateOnLaunch = "NO"
      debugDocumentVersioning = "YES"
      debugServiceExtension = "internal"
      allowLocationSimulation = "YES">
      <BuildableProductRunnable
         runnableDebuggingMode = "0">
         <BuildableReference
            BuildableIdentifier = "primary"
            BlueprintIdentifier = "F8C7EC8425A0FB68006426AA"
            BuildableName = "transbrl_cli"
            BlueprintName = "transbrl_cli"
            ReferencedContainer = "container:transbrl_cli.xcodeproj">
         </BuildableReference>
      </BuildableProductRunnable>
      <CommandLineArguments>
         <CommandLineArgument
            argument = "-W"
            isEnabled = "YES">
         </CommandLineArgument>
         <CommandLineArgument
            argument = "32"
            isEnabled = "YES">
         </CommandLineArgument>
         <CommandLineArgument
            argument = "-H"
            isEnabled = "YES">
         </CommandLineArgument>
         <CommandLineArgument
            argument = "29"
            isEnabled = "YES">
         </CommandLineArgument>
         <CommandLineArgument
            argument = "-d"
            isEnabled = "YES">
         </CommandLineArgument>
         <CommandLineArgument
            argument = "-v"
            isEnabled = "YES">
         </CommandLineArgument>
         <CommandLineArgument
            argument = "-m"
            isEnabled = "YES">
         </CommandLineArgument>
         <CommandLineArgument
            argument = "$(SRCROOT)/examples/lorem-huge.md"
            isEnabled = "YES">
         </CommandLineArgument>
         <CommandLineArgument
            argument = "-t"
            isEnabled = "YES">
         </CommandLineArgument>
         <CommandLineArgument
            argument = "de-g1.ctb"
            isEnabled = "YES">
         </CommandLineArgument>
         <CommandLineArgument
            argument = "-o"
            isEnabled = "YES">
         </CommandLineArgument>
         <CommandLineArgument
            argument = "/Users/stefan/git/transbrl_cli/output.brf"
            isEnabled = "YES">
         </CommandLineArgument>
      </CommandLineArguments>
   </LaunchAction>
   <ProfileAction
      buildConfiguration = "Release"
      shouldUseLaunchSchemeArgsEnv = "YES"
      savedToolIdentifier = ""
      useCustomWorkingDirectory = "NO"
      debugDocumentVersioning = "YES">
      <BuildableProductRunnable
         runnableDebuggingMode = "0">
         <BuildableReference
            BuildableIdentifier = "primary"
            BlueprintIdentifier = "F8C7EC8425A0FB68006426AA"
            BuildableName = "transbrl_cli"
            BlueprintName = "transbrl_cli"
            ReferencedContainer = "container:transbrl_cli.xcodeproj">
         </BuildableReference>
      </BuildableProductRunnable>
   </ProfileAction>
   <AnalyzeAction
      buildConfiguration = "Debug">
   </AnalyzeAction>
   <ArchiveAction
      buildConfiguration = "Release"
      revealArchiveInOrganizer = "YES">
   </ArchiveAction>
</Scheme>
